
Microsoft Visual Studio Solution File, Format Version 12.00
# Visual Studio 2012
Project("{FAE04EC0-301F-11D3-BF4B-00C04F79EFBC}") = "AzureWebApp", "AzureWebApp\AzureWebApp.csproj", "{8469A86E-699F-499C-B3B8-7C89E316865A}"
EndProject
Global
	GlobalSection(SolutionConfigurationPlatforms) = preSolution
		Debug|Any CPU = Debug|Any CPU
		Release|Any CPU = Release|Any CPU
	EndGlobalSection
	GlobalSection(ProjectConfigurationPlatforms) = postSolution
		{8469A86E-699F-499C-B3B8-7C89E316865A}.Debug|Any CPU.ActiveCfg = Debug|Any CPU
		{8469A86E-699F-499C-B3B8-7C89E316865A}.Debug|Any CPU.Build.0 = Debug|Any CPU
		{8469A86E-699F-499C-B3B8-7C89E316865A}.Release|Any CPU.ActiveCfg = Release|Any CPU
		{8469A86E-699F-499C-B3B8-7C89E316865A}.Release|Any CPU.Build.0 = Release|Any CPU
	EndGlobalSection
EndGlobal
